{
  "name": "inventory-management",
  "version": "1.0.0",
  "lockfileVersion": 3,
  "requires": true,
  "packages": {
    "": {
      "name": "inventory-management",
      "version": "1.0.0",
      "engines": {
        "node": ">=18.0.0",
        "npm": ">=9.0.0"
      }
    },
    "frontend": {
      "version": "0.0.0",
      "extraneous": true,
      "dependencies": {
        "@react-oauth/google": "^0.13.5",
        "@tailwindcss/vite": "^4.3.0",
        "@testing-library/jest-dom": "^6.9.1",
        "@testing-library/react": "^16.3.2",
        "@vitejs/plugin-react": "^4.7.0",
        "axios": "^1.11.0",
        "framer-motion": "^12.23.24",
        "jsdom": "^29.0.2",
        "jwt-decode": "^4.0.0",
        "lucide-react": "^0.546.0",
        "react": "^19.1.1",
        "react-dom": "^19.1.1",
        "react-hook-form": "^7.73.1",
        "react-icons": "^5.5.0",
        "react-router": "^7.7.1",
        "react-router-dom": "^7.9.4",
        "react-toastify": "^11.0.5",
        "tailwindcss": "^4.1.11",
        "vitest": "^4.1.5",
        "yup": "^1.7.1"
      },
      "devDependencies": {
        "@eslint/js": "^9.32.0",
        "@types/react": "^19.1.9",
        "@types/react-dom": "^19.1.7",
        "baseline-browser-mapping": "^2.9.19",
        "eslint": "^9.32.0",
        "eslint-plugin-react-hooks": "^5.2.0",
        "eslint-plugin-react-refresh": "^0.4.20",
        "globals": "^16.3.0",
        "vite": "^7.1.0"
      }
    },
    "server": {
      "version": "1.0.0",
      "extraneous": true,
      "license": "ISC",
      "dependencies": {
        "@getbrevo/brevo": "^5.0.4",
        "bcrypt": "^6.0.0",
        "canvas": "^3.2.0",
        "cloudinary": "^2.8.0",
        "cors": "^2.8.5",
        "dotenv": "^16.6.1",
        "express": "^4.21.2",
        "express-mongo-sanitize": "^2.2.0",
        "express-rate-limit": "^8.4.1",
        "google-auth-library": "^10.5.0",
        "helmet": "^8.1.0",
        "joi": "^18.1.2",
        "jsonwebtoken": "^9.0.2",
        "jspdf": "^3.0.3",
        "mongoose": "^8.17.1",
        "multer": "^2.0.2",
        "node-cron": "^4.2.1",
        "nodemailer": "^7.0.12",
        "pdfkit": "^0.17.2",
        "resend": "^6.12.3"
      },
      "devDependencies": {
        "nodemon": "^3.1.14"
      }
    }
  }
}
